
Microsoft Visual Studio Solution File, Format Version 12.00
# Visual Studio Version 16
VisualStudioVersion = 16.0.30804.86
MinimumVisualStudioVersion = 10.0.40219.1
Project("{FAE04EC0-301F-11D3-BF4B-00C04F79EFBC}") = "Notes.Android", "Notes.Android\Notes.Android.csproj", "{837A4704-1226-430B-9D87-2656A143901F}"
EndProject
Project("{FAE04EC0-301F-11D3-BF4B-00C04F79EFBC}") = "Notes.iOS", "Notes.iOS\Notes.iOS.csproj", "{01FD3418-131C-4057-AD81-F183849946B7}"
EndProject
Project("{FAE04EC0-301F-11D3-BF4B-00C04F79EFBC}") = "Notes", "Notes\Notes.csproj", "{D3EF1411-6429-426B-83BE-EB0EC60E94B3}"
EndProject
Global
	GlobalSection(SolutionConfigurationPlatforms) = preSolution
		Debug|Any CPU = Debug|Any CPU
		Debug|iPhone = Debug|iPhone
		Debug|iPhoneSimulator = Debug|iPhoneSimulator
		Release|Any CPU = Release|Any CPU
		Release|iPhone = Release|iPhone
		Release|iPhoneSimulator = Release|iPhoneSimulator
	EndGlobalSection
	GlobalSection(ProjectConfigurationPlatforms) = postSolution
		{837A4704-1226-430B-9D87-2656A143901F}.Debug|Any CPU.ActiveCfg = Debug|Any CPU
		{837A4704-1226-430B-9D87-2656A143901F}.Debug|Any CPU.Build.0 = Debug|Any CPU
		{837A4704-1226-430B-9D87-2656A143901F}.Debug|Any CPU.Deploy.0 = Debug|Any CPU
		{837A4704-1226-430B-9D87-2656A143901F}.Debug|iPhone.ActiveCfg = Debug|Any CPU
		{837A4704-1226-430B-9D87-2656A143901F}.Debug|iPhone.Build.0 = Debug|Any CPU
		{837A4704-1226-430B-9D87-2656A143901F}.Debug|iPhone.Deploy.0 = Debug|Any CPU
		{837A4704-1226-430B-9D87-2656A143901F}.Debug|iPhoneSimulator.ActiveCfg = Debug|Any CPU
		{837A4704-1226-430B-9D87-2656A143901F}.Debug|iPhoneSimulator.Build.0 = Debug|Any CPU
		{837A4704-1226-430B-9D87-2656A143901F}.Debug|iPhoneSimulator.Deploy.0 = Debug|Any CPU
		{837A4704-1226-430B-9D87-2656A143901F}.Release|Any CPU.ActiveCfg = Release|Any CPU
		{837A4704-1226-430B-9D87-2656A143901F}.Release|Any CPU.Build.0 = Release|Any CPU
		{837A4704-1226-430B-9D87-2656A143901F}.Release|Any CPU.Deploy.0 = Release|Any CPU
		{837A4704-1226-430B-9D87-2656A143901F}.Release|iPhone.ActiveCfg = Release|Any CPU
		{837A4704-1226-430B-9D87-2656A143901F}.Release|iPhone.Build.0 = Release|Any CPU
		{837A4704-1226-430B-9D87-2656A143901F}.Release|iPhone.Deploy.0 = Release|Any CPU
		{837A4704-1226-430B-9D87-2656A143901F}.Release|iPhoneSimulator.ActiveCfg = Release|Any CPU
		{837A4704-1226-430B-9D87-2656A143901F}.Release|iPhoneSimulator.Build.0 = Release|Any CPU
		{837A4704-1226-430B-9D87-2656A143901F}.Release|iPhoneSimulator.Deploy.0 = Release|Any CPU
		{01FD3418-131C-4057-AD81-F183849946B7}.Debug|Any CPU.ActiveCfg = Debug|iPhone
		{01FD3418-131C-4057-AD81-F183849946B7}.Debug|Any CPU.Build.0 = Debug|iPhone
		{01FD3418-131C-4057-AD81-F183849946B7}.Debug|Any CPU.Deploy.0 = Debug|iPhone
		{01FD3418-131C-4057-AD81-F183849946B7}.Debug|iPhone.ActiveCfg = Debug|iPhone
		{01FD3418-131C-4057-AD81-F183849946B7}.Debug|iPhone.Build.0 = Debug|iPhone
		{01FD3418-131C-4057-AD81-F183849946B7}.Debug|iPhone.Deploy.0 = Debug|iPhone
		{01FD3418-131C-4057-AD81-F183849946B7}.Debug|iPhoneSimulator.ActiveCfg = Debug|iPhoneSimulator
		{01FD3418-131C-4057-AD81-F183849946B7}.Debug|iPhoneSimulator.Build.0 = Debug|iPhoneSimulator
		{01FD3418-131C-4057-AD81-F183849946B7}.Debug|iPhoneSimulator.Deploy.0 = Debug|iPhoneSimulator
		{01FD3418-131C-4057-AD81-F183849946B7}.Release|Any CPU.ActiveCfg = Release|iPhoneSimulator
		{01FD3418-131C-4057-AD81-F183849946B7}.Release|Any CPU.Build.0 = Release|iPhoneSimulator
		{01FD3418-131C-4057-AD81-F183849946B7}.Release|Any CPU.Deploy.0 = Release|iPhoneSimulator
		{01FD3418-131C-4057-AD81-F183849946B7}.Release|iPhone.ActiveCfg = Release|iPhone
		{01FD3418-131C-4057-AD81-F183849946B7}.Release|iPhone.Build.0 = Release|iPhone
		{01FD3418-131C-4057-AD81-F183849946B7}.Release|iPhone.Deploy.0 = Release|iPhone
		{01FD3418-131C-4057-AD81-F183849946B7}.Release|iPhoneSimulator.ActiveCfg = Release|iPhoneSimulator
		{01FD3418-131C-4057-AD81-F183849946B7}.Release|iPhoneSimulator.Build.0 = Release|iPhoneSimulator
		{01FD3418-131C-4057-AD81-F183849946B7}.Release|iPhoneSimulator.Deploy.0 = Release|iPhoneSimulator
		{D3EF1411-6429-426B-83BE-EB0EC60E94B3}.Debug|Any CPU.ActiveCfg = Debug|Any CPU
		{D3EF1411-6429-426B-83BE-EB0EC60E94B3}.Debug|Any CPU.Build.0 = Debug|Any CPU
		{D3EF1411-6429-426B-83BE-EB0EC60E94B3}.Debug|Any CPU.Deploy.0 = Debug|Any CPU
		{D3EF1411-6429-426B-83BE-EB0EC60E94B3}.Debug|iPhone.ActiveCfg = Debug|Any CPU
		{D3EF1411-6429-426B-83BE-EB0EC60E94B3}.Debug|iPhone.Build.0 = Debug|Any CPU
		{D3EF1411-6429-426B-83BE-EB0EC60E94B3}.Debug|iPhone.Deploy.0 = Debug|Any CPU
		{D3EF1411-6429-426B-83BE-EB0EC60E94B3}.Debug|iPhoneSimulator.ActiveCfg = Debug|Any CPU
		{D3EF1411-6429-426B-83BE-EB0EC60E94B3}.Debug|iPhoneSimulator.Build.0 = Debug|Any CPU
		{D3EF1411-6429-426B-83BE-EB0EC60E94B3}.Debug|iPhoneSimulator.Deploy.0 = Debug|Any CPU
		{D3EF1411-6429-426B-83BE-EB0EC60E94B3}.Release|Any CPU.ActiveCfg = Release|Any CPU
		{D3EF1411-6429-426B-83BE-EB0EC60E94B3}.Release|Any CPU.Build.0 = Release|Any CPU
		{D3EF1411-6429-426B-83BE-EB0EC60E94B3}.Release|Any CPU.Deploy.0 = Release|Any CPU
		{D3EF1411-6429-426B-83BE-EB0EC60E94B3}.Release|iPhone.ActiveCfg = Release|Any CPU
		{D3EF1411-6429-426B-83BE-EB0EC60E94B3}.Release|iPhone.Build.0 = Release|Any CPU
		{D3EF1411-6429-426B-83BE-EB0EC60E94B3}.Release|iPhone.Deploy.0 = Release|Any CPU
		{D3EF1411-6429-426B-83BE-EB0EC60E94B3}.Release|iPhoneSimulator.ActiveCfg = Release|Any CPU
		{D3EF1411-6429-426B-83BE-EB0EC60E94B3}.Release|iPhoneSimulator.Build.0 = Release|Any CPU
		{D3EF1411-6429-426B-83BE-EB0EC60E94B3}.Release|iPhoneSimulator.Deploy.0 = Release|Any CPU
	EndGlobalSection
	GlobalSection(SolutionProperties) = preSolution
		HideSolutionNode = FALSE
	EndGlobalSection
	GlobalSection(ExtensibilityGlobals) = postSolution
		SolutionGuid = {65087740-05EB-4042-A0B4-64C2FAFA1EB9}
	EndGlobalSection
EndGlobal
